// !$*UTF8*$!
{
	archiveVersion = 1;
	classes = {
	};
	objectVersion = 50;
	objects = {

/* Begin PBXBuildFile section */
		0D8DEDFB380227D479E836D1 /* Pods_ImTests.framework in Frameworks */ = {isa = PBXBuildFile; fileRef = 939F3B6E8443BC2D676D45DD /* Pods_ImTests.framework */; };
		1B9AB54033FCA510BD91A66D /* Pods_ImUITests.framework in Frameworks */ = {isa = PBXBuildFile; fileRef = 374AD263069AFB7B42B05A68 /* Pods_ImUITests.framework */; };
		2A6DEF0A25C86B519B7BD652 /* Pods_Im.framework in Frameworks */ = {isa = PBXBuildFile; fileRef = 1C901B0705F05D07D86F7E1D /* Pods_Im.framework */; };
		52838D0122368D3700CD3C50 /* AppDelegate.swift in Sources */ = {isa = PBXBuildFile; fileRef = 52838D0022368D3700CD3C50 /* AppDelegate.swift */; };
		52838D0322368D3700CD3C50 /* ViewController.swift in Sources */ = {isa = PBXBuildFile; fileRef = 52838D0222368D3700CD3C50 /* ViewController.swift */; };
		52838D0622368D3700CD3C50 /* Main.storyboard in Resources */ = {isa = PBXBuildFile; fileRef = 52838D0422368D3700CD3C50 /* Main.storyboard */; };
		52838D0B22368D3800CD3C50 /* LaunchScreen.storyboard in Resources */ = {isa = PBXBuildFile; fileRef = 52838D0922368D3800CD3C50 /* LaunchScreen.storyboard */; };
		52838D1622368D3800CD3C50 /* ImTests.swift in Sources */ = {isa = PBXBuildFile; fileRef = 52838D1522368D3800CD3C50 /* ImTests.swift */; };
		52838D2122368D3800CD3C50 /* ImUITests.swift in Sources */ = {isa = PBXBuildFile; fileRef = 52838D2022368D3800CD3C50 /* ImUITests.swift */; };
		52838D332236951000CD3C50 /* GoogleService-Info.plist in Resources */ = {isa = PBXBuildFile; fileRef = 52838D322236951000CD3C50 /* GoogleService-Info.plist */; };
		52838D352237846900CD3C50 /* RootTabBarController.swift in Sources */ = {isa = PBXBuildFile; fileRef = 52838D342237846900CD3C50 /* RootTabBarController.swift */; };
		52838D382237905D00CD3C50 /* CommunityTableViewCell.swift in Sources */ = {isa = PBXBuildFile; fileRef = 52838D362237905D00CD3C50 /* CommunityTableViewCell.swift */; };
		52838D392237905D00CD3C50 /* CommunityTableViewCell.xib in Resources */ = {isa = PBXBuildFile; fileRef = 52838D372237905D00CD3C50 /* CommunityTableViewCell.xib */; };
		52838D3B2237921A00CD3C50 /* HomeViewController.swift in Sources */ = {isa = PBXBuildFile; fileRef = 52838D3A2237921A00CD3C50 /* HomeViewController.swift */; };
		52838D3F2238D26B00CD3C50 /* MessageViewController.swift in Sources */ = {isa = PBXBuildFile; fileRef = 52838D3E2238D26B00CD3C50 /* MessageViewController.swift */; };
		52838D42223F2C1900CD3C50 /* ChatTableViewCell.swift in Sources */ = {isa = PBXBuildFile; fileRef = 52838D40223F2C1900CD3C50 /* ChatTableViewCell.swift */; };
		52838D43223F2C1900CD3C50 /* ChatTableViewCell.xib in Resources */ = {isa = PBXBuildFile; fileRef = 52838D41223F2C1900CD3C50 /* ChatTableViewCell.xib */; };
		52838D45223F319500CD3C50 /* ChatViewController.swift in Sources */ = {isa = PBXBuildFile; fileRef = 52838D44223F319500CD3C50 /* ChatViewController.swift */; };
		52838D4722462EA400CD3C50 /* CreateViewController.swift in Sources */ = {isa = PBXBuildFile; fileRef = 52838D4622462EA400CD3C50 /* CreateViewController.swift */; };
		52838D4922487FD700CD3C50 /* CoreLocation.framework in Frameworks */ = {isa = PBXBuildFile; fileRef = 52838D4822487FD700CD3C50 /* CoreLocation.framework */; };
		52838D4B224F2D9200CD3C50 /* ScrollViewController.swift in Sources */ = {isa = PBXBuildFile; fileRef = 52838D4A224F2D9200CD3C50 /* ScrollViewController.swift */; };
		52838D4D2254543C00CD3C50 /* ChatTextField.swift in Sources */ = {isa = PBXBuildFile; fileRef = 52838D4C2254543C00CD3C50 /* ChatTextField.swift */; };
		52838D51225A053A00CD3C50 /* Assets.xcassets in Resources */ = {isa = PBXBuildFile; fileRef = 52838D50225A053900CD3C50 /* Assets.xcassets */; };
		52838D53225A914300CD3C50 /* AccountViewController.swift in Sources */ = {isa = PBXBuildFile; fileRef = 52838D52225A914300CD3C50 /* AccountViewController.swift */; };
		52838D55225B1EB900CD3C50 /* EditProfileViewController.swift in Sources */ = {isa = PBXBuildFile; fileRef = 52838D54225B1EB900CD3C50 /* EditProfileViewController.swift */; };
/* End PBXBuildFile section */

/* Begin PBXContainerItemProxy section */
		52838D1222368D3800CD3C50 /* PBXContainerItemProxy */ = {
			isa = PBXContainerItemProxy;
			containerPortal = 52838CF522368D3700CD3C50 /* Project object */;
			proxyType = 1;
			remoteGlobalIDString = 52838CFC22368D3700CD3C50;
			remoteInfo = Im;
		};
		52838D1D22368D3800CD3C50 /* PBXContainerItemProxy */ = {
			isa = PBXContainerItemProxy;
			containerPortal = 52838CF522368D3700CD3C50 /* Project object */;
			proxyType = 1;
			remoteGlobalIDString = 52838CFC22368D3700CD3C50;
			remoteInfo = Im;
		};
/* End PBXContainerItemProxy section */

/* Begin PBXFileReference section */
		019008B9954349F95E2B7B47 /* Pods-ImTests.debug.xcconfig */ = {isa = PBXFileReference; includeInIndex = 1; lastKnownFileType = text.xcconfig; name = "Pods-ImTests.debug.xcconfig"; path = "Target Support Files/Pods-ImTests/Pods-ImTests.debug.xcconfig"; sourceTree = "<group>"; };
		0303D33FA1657131AFE00F20 /* Pods-ImUITests.debug.xcconfig */ = {isa = PBXFileReference; includeInIndex = 1; lastKnownFileType = text.xcconfig; name = "Pods-ImUITests.debug.xcconfig"; path = "Target Support Files/Pods-ImUITests/Pods-ImUITests.debug.xcconfig"; sourceTree = "<group>"; };
		1C901B0705F05D07D86F7E1D /* Pods_Im.framework */ = {isa = PBXFileReference; explicitFileType = wrapper.framework; includeInIndex = 0; path = Pods_Im.framework; sourceTree = BUILT_PRODUCTS_DIR; };
		374AD263069AFB7B42B05A68 /* Pods_ImUITests.framework */ = {isa = PBXFileReference; explicitFileType = wrapper.framework; includeInIndex = 0; path = Pods_ImUITests.framework; sourceTree = BUILT_PRODUCTS_DIR; };
		52838CFD22368D3700CD3C50 /* Im.app */ = {isa = PBXFileReference; explicitFileType = wrapper.application; includeInIndex = 0; path = Im.app; sourceTree = BUILT_PRODUCTS_DIR; };
		52838D0022368D3700CD3C50 /* AppDelegate.swift */ = {isa = PBXFileReference; lastKnownFileType = sourcecode.swift; path = AppDelegate.swift; sourceTree = "<group>"; };
		52838D0222368D3700CD3C50 /* ViewController.swift */ = {isa = PBXFileReference; lastKnownFileType = sourcecode.swift; path = ViewController.swift; sourceTree = "<group>"; };
		52838D0522368D3700CD3C50 /* Base */ = {isa = PBXFileReference; lastKnownFileType = file.storyboard; name = Base; path = Base.lproj/Main.storyboard; sourceTree = "<group>"; };
		52838D0A22368D3800CD3C50 /* Base */ = {isa = PBXFileReference; lastKnownFileType = file.storyboard; name = Base; path = Base.lproj/LaunchScreen.storyboard; sourceTree = "<group>"; };
		52838D0C22368D3800CD3C50 /* Info.plist */ = {isa = PBXFileReference; lastKnownFileType = text.plist.xml; path = Info.plist; sourceTree = "<group>"; };
		52838D1122368D3800CD3C50 /* ImTests.xctest */ = {isa = PBXFileReference; explicitFileType = wrapper.cfbundle; includeInIndex = 0; path = ImTests.xctest; sourceTree = BUILT_PRODUCTS_DIR; };
		52838D1522368D3800CD3C50 /* ImTests.swift */ = {isa = PBXFileReference; lastKnownFileType = sourcecode.swift; path = ImTests.swift; sourceTree = "<group>"; };
		52838D1722368D3800CD3C50 /* Info.plist */ = {isa = PBXFileReference; lastKnownFileType = text.plist.xml; path = Info.plist; sourceTree = "<group>"; };
		52838D1C22368D3800CD3C50 /* ImUITests.xctest */ = {isa = PBXFileReference; explicitFileType = wrapper.cfbundle; includeInIndex = 0; path = ImUITests.xctest; sourceTree = BUILT_PRODUCTS_DIR; };
		52838D2022368D3800CD3C50 /* ImUITests.swift */ = {isa = PBXFileReference; lastKnownFileType = sourcecode.swift; path = ImUITests.swift; sourceTree = "<group>"; };
		52838D2222368D3800CD3C50 /* Info.plist */ = {isa = PBXFileReference; lastKnownFileType = text.plist.xml; path = Info.plist; sourceTree = "<group>"; };
		52838D322236951000CD3C50 /* GoogleService-Info.plist */ = {isa = PBXFileReference; fileEncoding = 4; lastKnownFileType = text.plist.xml; path = "GoogleService-Info.plist"; sourceTree = "<group>"; };
		52838D342237846900CD3C50 /* RootTabBarController.swift */ = {isa = PBXFileReference; lastKnownFileType = sourcecode.swift; path = RootTabBarController.swift; sourceTree = "<group>"; };
		52838D362237905D00CD3C50 /* CommunityTableViewCell.swift */ = {isa = PBXFileReference; lastKnownFileType = sourcecode.swift; path = CommunityTableViewCell.swift; sourceTree = "<group>"; };
		52838D372237905D00CD3C50 /* CommunityTableViewCell.xib */ = {isa = PBXFileReference; lastKnownFileType = file.xib; path = CommunityTableViewCell.xib; sourceTree = "<group>"; };
		52838D3A2237921A00CD3C50 /* HomeViewController.swift */ = {isa = PBXFileReference; lastKnownFileType = sourcecode.swift; path = HomeViewController.swift; sourceTree = "<group>"; };
		52838D3E2238D26B00CD3C50 /* MessageViewController.swift */ = {isa = PBXFileReference; lastKnownFileType = sourcecode.swift; path = MessageViewController.swift; sourceTree = "<group>"; };
		52838D40223F2C1900CD3C50 /* ChatTableViewCell.swift */ = {isa = PBXFileReference; lastKnownFileType = sourcecode.swift; path = ChatTableViewCell.swift; sourceTree = "<group>"; };
		52838D41223F2C1900CD3C50 /* ChatTableViewCell.xib */ = {isa = PBXFileReference; lastKnownFileType = file.xib; path = ChatTableViewCell.xib; sourceTree = "<group>"; };
		52838D44223F319500CD3C50 /* ChatViewController.swift */ = {isa = PBXFileReference; lastKnownFileType = sourcecode.swift; path = ChatViewController.swift; sourceTree = "<group>"; };
		52838D4622462EA400CD3C50 /* CreateViewController.swift */ = {isa = PBXFileReference; lastKnownFileType = sourcecode.swift; path = CreateViewController.swift; sourceTree = "<group>"; };
		52838D4822487FD700CD3C50 /* CoreLocation.framework */ = {isa = PBXFileReference; lastKnownFileType = wrapper.framework; name = CoreLocation.framework; path = System/Library/Frameworks/CoreLocation.framework; sourceTree = SDKROOT; };
		52838D4A224F2D9200CD3C50 /* ScrollViewController.swift */ = {isa = PBXFileReference; lastKnownFileType = sourcecode.swift; path = ScrollViewController.swift; sourceTree = "<group>"; };
		52838D4C2254543C00CD3C50 /* ChatTextField.swift */ = {isa = PBXFileReference; lastKnownFileType = sourcecode.swift; path = ChatTextField.swift; sourceTree = "<group>"; };
		52838D50225A053900CD3C50 /* Assets.xcassets */ = {isa = PBXFileReference; lastKnownFileType = folder.assetcatalog; name = Assets.xcassets; path = ../../../Desktop/Assets.xcassets; sourceTree = "<group>"; };
		52838D52225A914300CD3C50 /* AccountViewController.swift */ = {isa = PBXFileReference; lastKnownFileType = sourcecode.swift; path = AccountViewController.swift; sourceTree = "<group>"; };
		52838D54225B1EB900CD3C50 /* EditProfileViewController.swift */ = {isa = PBXFileReference; lastKnownFileType = sourcecode.swift; path = EditProfileViewController.swift; sourceTree = "<group>"; };
		61B5262E30067EBCBBD10BC9 /* Pods-ImTests.release.xcconfig */ = {isa = PBXFileReference; includeInIndex = 1; lastKnownFileType = text.xcconfig; name = "Pods-ImTests.release.xcconfig"; path = "Target Support Files/Pods-ImTests/Pods-ImTests.release.xcconfig"; sourceTree = "<group>"; };
		6A3E9C13257F126F3465C779 /* Pods-Im.debug.xcconfig */ = {isa = PBXFileReference; includeInIndex = 1; lastKnownFileType = text.xcconfig; name = "Pods-Im.debug.xcconfig"; path = "Target Support Files/Pods-Im/Pods-Im.debug.xcconfig"; sourceTree = "<group>"; };
		72BA2461F0542D9E517A1970 /* Pods-Im.release.xcconfig */ = {isa = PBXFileReference; includeInIndex = 1; lastKnownFileType = text.xcconfig; name = "Pods-Im.release.xcconfig"; path = "Target Support Files/Pods-Im/Pods-Im.release.xcconfig"; sourceTree = "<group>"; };
		8544D240E454D90ADC570CAF /* Pods-ImUITests.release.xcconfig */ = {isa = PBXFileReference; includeInIndex = 1; lastKnownFileType = text.xcconfig; name = "Pods-ImUITests.release.xcconfig"; path = "Target Support Files/Pods-ImUITests/Pods-ImUITests.release.xcconfig"; sourceTree = "<group>"; };
		939F3B6E8443BC2D676D45DD /* Pods_ImTests.framework */ = {isa = PBXFileReference; explicitFileType = wrapper.framework; includeInIndex = 0; path = Pods_ImTests.framework; sourceTree = BUILT_PRODUCTS_DIR; };
/* End PBXFileReference section */

/* Begin PBXFrameworksBuildPhase section */
		52838CFA22368D3700CD3C50 /* Frameworks */ = {
			isa = PBXFrameworksBuildPhase;
			buildActionMask = 2147483647;
			files = (
				52838D4922487FD700CD3C50 /* CoreLocation.framework in Frameworks */,
				2A6DEF0A25C86B519B7BD652 /* Pods_Im.framework in Frameworks */,
			);
			runOnlyForDeploymentPostprocessing = 0;
		};
		52838D0E22368D3800CD3C50 /* Frameworks */ = {
			isa = PBXFrameworksBuildPhase;
			buildActionMask = 2147483647;
			files = (
				0D8DEDFB380227D479E836D1 /* Pods_ImTests.framework in Frameworks */,
			);
			runOnlyForDeploymentPostprocessing = 0;
		};
		52838D1922368D3800CD3C50 /* Frameworks */ = {
			isa = PBXFrameworksBuildPhase;
			buildActionMask = 2147483647;
			files = (
				1B9AB54033FCA510BD91A66D /* Pods_ImUITests.framework in Frameworks */,
			);
			runOnlyForDeploymentPostprocessing = 0;
		};
/* End PBXFrameworksBuildPhase section */

/* Begin PBXGroup section */
		52838CF422368D3700CD3C50 = {
			isa = PBXGroup;
			children = (
				52838CFF22368D3700CD3C50 /* Im */,
				52838D1422368D3800CD3C50 /* ImTests */,
				52838D1F22368D3800CD3C50 /* ImUITests */,
				52838CFE22368D3700CD3C50 /* Products */,
				A608758AFB904E8EE86EC968 /* Pods */,
				56C79381B5BB28C985BE2F77 /* Frameworks */,
			);
			sourceTree = "<group>";
		};
		52838CFE22368D3700CD3C50 /* Products */ = {
			isa = PBXGroup;
			children = (
				52838CFD22368D3700CD3C50 /* Im.app */,
				52838D1122368D3800CD3C50 /* ImTests.xctest */,
				52838D1C22368D3800CD3C50 /* ImUITests.xctest */,
			);
			name = Products;
			sourceTree = "<group>";
		};
		52838CFF22368D3700CD3C50 /* Im */ = {
			isa = PBXGroup;
			children = (
				52838D50225A053900CD3C50 /* Assets.xcassets */,
				52838D322236951000CD3C50 /* GoogleService-Info.plist */,
				52838D0022368D3700CD3C50 /* AppDelegate.swift */,
				52838D0222368D3700CD3C50 /* ViewController.swift */,
				52838D0422368D3700CD3C50 /* Main.storyboard */,
				52838D4A224F2D9200CD3C50 /* ScrollViewController.swift */,
				52838D52225A914300CD3C50 /* AccountViewController.swift */,
				52838D4622462EA400CD3C50 /* CreateViewController.swift */,
				52838D40223F2C1900CD3C50 /* ChatTableViewCell.swift */,
				52838D41223F2C1900CD3C50 /* ChatTableViewCell.xib */,
				52838D44223F319500CD3C50 /* ChatViewController.swift */,
				52838D4C2254543C00CD3C50 /* ChatTextField.swift */,
				52838D362237905D00CD3C50 /* CommunityTableViewCell.swift */,
				52838D372237905D00CD3C50 /* CommunityTableViewCell.xib */,
				52838D0922368D3800CD3C50 /* LaunchScreen.storyboard */,
				52838D0C22368D3800CD3C50 /* Info.plist */,
				52838D342237846900CD3C50 /* RootTabBarController.swift */,
				52838D3A2237921A00CD3C50 /* HomeViewController.swift */,
				52838D3E2238D26B00CD3C50 /* MessageViewController.swift */,
				52838D54225B1EB900CD3C50 /* EditProfileViewController.swift */,
			);
			path = Im;
			sourceTree = "<group>";
		};
		52838D1422368D3800CD3C50 /* ImTests */ = {
			isa = PBXGroup;
			children = (
				52838D1522368D3800CD3C50 /* ImTests.swift */,
				52838D1722368D3800CD3C50 /* Info.plist */,
			);
			path = ImTests;
			sourceTree = "<group>";
		};
		52838D1F22368D3800CD3C50 /* ImUITests */ = {
			isa = PBXGroup;
			children = (
				52838D2022368D3800CD3C50 /* ImUITests.swift */,
				52838D2222368D3800CD3C50 /* Info.plist */,
			);
			path = ImUITests;
			sourceTree = "<group>";
		};
		56C79381B5BB28C985BE2F77 /* Frameworks */ = {
			isa = PBXGroup;
			children = (
				52838D4822487FD700CD3C50 /* CoreLocation.framework */,
				1C901B0705F05D07D86F7E1D /* Pods_Im.framework */,
				939F3B6E8443BC2D676D45DD /* Pods_ImTests.framework */,
				374AD263069AFB7B42B05A68 /* Pods_ImUITests.framework */,
			);
			name = Frameworks;
			sourceTree = "<group>";
		};
		A608758AFB904E8EE86EC968 /* Pods */ = {
			isa = PBXGroup;
			children = (
				6A3E9C13257F126F3465C779 /* Pods-Im.debug.xcconfig */,
				72BA2461F0542D9E517A1970 /* Pods-Im.release.xcconfig */,
				019008B9954349F95E2B7B47 /* Pods-ImTests.debug.xcconfig */,
				61B5262E30067EBCBBD10BC9 /* Pods-ImTests.release.xcconfig */,
				0303D33FA1657131AFE00F20 /* Pods-ImUITests.debug.xcconfig */,
				8544D240E454D90ADC570CAF /* Pods-ImUITests.release.xcconfig */,
			);
			path = Pods;
			sourceTree = "<group>";
		};
/* End PBXGroup section */

/* Begin PBXNativeTarget section */
		52838CFC22368D3700CD3C50 /* Im */ = {
			isa = PBXNativeTarget;
			buildConfigurationList = 52838D2522368D3800CD3C50 /* Build configuration list for PBXNativeTarget "Im" */;
			buildPhases = (
				295AAAB029CD359DE715B172 /* [CP] Check Pods Manifest.lock */,
				52838CF922368D3700CD3C50 /* Sources */,
				52838CFA22368D3700CD3C50 /* Frameworks */,
				52838CFB22368D3700CD3C50 /* Resources */,
				720F1B9232402CDFAFA7F9EC /* [CP] Embed Pods Frameworks */,
				FA45134CE46DFD140C0C2E14 /* [CP] Copy Pods Resources */,
			);
			buildRules = (
			);
			dependencies = (
			);
			name = Im;
			productName = Im;
			productReference = 52838CFD22368D3700CD3C50 /* Im.app */;
			productType = "com.apple.product-type.application";
		};
		52838D1022368D3800CD3C50 /* ImTests */ = {
			isa = PBXNativeTarget;
			buildConfigurationList = 52838D2822368D3800CD3C50 /* Build configuration list for PBXNativeTarget "ImTests" */;
			buildPhases = (
				F5E1FEDDBB0D6F8A687215ED /* [CP] Check Pods Manifest.lock */,
				52838D0D22368D3800CD3C50 /* Sources */,
				52838D0E22368D3800CD3C50 /* Frameworks */,
				52838D0F22368D3800CD3C50 /* Resources */,
			);
			buildRules = (
			);
			dependencies = (
				52838D1322368D3800CD3C50 /* PBXTargetDependency */,
			);
			name = ImTests;
			productName = ImTests;
			productReference = 52838D1122368D3800CD3C50 /* ImTests.xctest */;
			productType = "com.apple.product-type.bundle.unit-test";
		};
		52838D1B22368D3800CD3C50 /* ImUITests */ = {
			isa = PBXNativeTarget;
			buildConfigurationList = 52838D2B22368D3800CD3C50 /* Build configuration list for PBXNativeTarget "ImUITests" */;
			buildPhases = (
				AC6F2761CE1FC6BCDDFEDB28 /* [CP] Check Pods Manifest.lock */,
				52838D1822368D3800CD3C50 /* Sources */,
				52838D1922368D3800CD3C50 /* Frameworks */,
				52838D1A22368D3800CD3C50 /* Resources */,
			);
			buildRules = (
			);
			dependencies = (
				52838D1E22368D3800CD3C50 /* PBXTargetDependency */,
			);
			name = ImUITests;
			productName = ImUITests;
			productReference = 52838D1C22368D3800CD3C50 /* ImUITests.xctest */;
			productType = "com.apple.product-type.bundle.ui-testing";
		};
/* End PBXNativeTarget section */

/* Begin PBXProject section */
		52838CF522368D3700CD3C50 /* Project object */ = {
			isa = PBXProject;
			attributes = {
				LastSwiftUpdateCheck = 1010;
				LastUpgradeCheck = 1010;
				ORGANIZATIONNAME = im;
				TargetAttributes = {
					52838CFC22368D3700CD3C50 = {
						CreatedOnToolsVersion = 10.1;
					};
					52838D1022368D3800CD3C50 = {
						CreatedOnToolsVersion = 10.1;
						TestTargetID = 52838CFC22368D3700CD3C50;
					};
					52838D1B22368D3800CD3C50 = {
						CreatedOnToolsVersion = 10.1;
						TestTargetID = 52838CFC22368D3700CD3C50;
					};
				};
			};
			buildConfigurationList = 52838CF822368D3700CD3C50 /* Build configuration list for PBXProject "Im" */;
			compatibilityVersion = "Xcode 9.3";
			developmentRegion = en;
			hasScannedForEncodings = 0;
			knownRegions = (
				en,
				Base,
			);
			mainGroup = 52838CF422368D3700CD3C50;
			productRefGroup = 52838CFE22368D3700CD3C50 /* Products */;
			projectDirPath = "";
			projectRoot = "";
			targets = (
				52838CFC22368D3700CD3C50 /* Im */,
				52838D1022368D3800CD3C50 /* ImTests */,
				52838D1B22368D3800CD3C50 /* ImUITests */,
			);
		};
/* End PBXProject section */

/* Begin PBXResourcesBuildPhase section */
		52838CFB22368D3700CD3C50 /* Resources */ = {
			isa = PBXResourcesBuildPhase;
			buildActionMask = 2147483647;
			files = (
				52838D0B22368D3800CD3C50 /* LaunchScreen.storyboard in Resources */,
				52838D43223F2C1900CD3C50 /* ChatTableViewCell.xib in Resources */,
				52838D332236951000CD3C50 /* GoogleService-Info.plist in Resources */,
				52838D0622368D3700CD3C50 /* Main.storyboard in Resources */,
				52838D51225A053A00CD3C50 /* Assets.xcassets in Resources */,
				52838D392237905D00CD3C50 /* CommunityTableViewCell.xib in Resources */,
			);
			runOnlyForDeploymentPostprocessing = 0;
		};
		52838D0F22368D3800CD3C50 /* Resources */ = {
			isa = PBXResourcesBuildPhase;
			buildActionMask = 2147483647;
			files = (
			);
			runOnlyForDeploymentPostprocessing = 0;
		};
		52838D1A22368D3800CD3C50 /* Resources */ = {
			isa = PBXResourcesBuildPhase;
			buildActionMask = 2147483647;
			files = (
			);
			runOnlyForDeploymentPostprocessing = 0;
		};
/* End PBXResourcesBuildPhase section */

/* Begin PBXShellScriptBuildPhase section */
		295AAAB029CD359DE715B172 /* [CP] Check Pods Manifest.lock */ = {
			isa = PBXShellScriptBuildPhase;
			buildActionMask = 2147483647;
			files = (
			);
			inputFileListPaths = (
			);
			inputPaths = (
				"${PODS_PODFILE_DIR_PATH}/Podfile.lock",
				"${PODS_ROOT}/Manifest.lock",
			);
			name = "[CP] Check Pods Manifest.lock";
			outputFileListPaths = (
			);
			outputPaths = (
				"$(DERIVED_FILE_DIR)/Pods-Im-checkManifestLockResult.txt",
			);
			runOnlyForDeploymentPostprocessing = 0;
			shellPath = /bin/sh;
			shellScript = "diff \"${PODS_PODFILE_DIR_PATH}/Podfile.lock\" \"${PODS_ROOT}/Manifest.lock\" > /dev/null\nif [ $? != 0 ] ; then\n    # print error to STDERR\n    echo \"error: The sandbox is not in sync with the Podfile.lock. Run 'pod install' or update your CocoaPods installation.\" >&2\n    exit 1\nfi\n# This output is used by Xcode 'outputs' to avoid re-running this script phase.\necho \"SUCCESS\" > \"${SCRIPT_OUTPUT_FILE_0}\"\n";
			showEnvVarsInLog = 0;
		};
		720F1B9232402CDFAFA7F9EC /* [CP] Embed Pods Frameworks */ = {
			isa = PBXShellScriptBuildPhase;
			buildActionMask = 2147483647;
			files = (
			);
			inputFileListPaths = (
			);
			inputPaths = (
				"${PODS_ROOT}/Target Support Files/Pods-Im/Pods-Im-frameworks.sh",
				"${BUILT_PRODUCTS_DIR}/GTMSessionFetcher/GTMSessionFetcher.framework",
				"${BUILT_PRODUCTS_DIR}/GoogleToolboxForMac/GoogleToolboxForMac.framework",
				"${BUILT_PRODUCTS_DIR}/GoogleUtilities/GoogleUtilities.framework",
				"${BUILT_PRODUCTS_DIR}/RSKImageCropper/RSKImageCropper.framework",
				"${BUILT_PRODUCTS_DIR}/SDWebImage/SDWebImage.framework",
				"${BUILT_PRODUCTS_DIR}/leveldb-library/leveldb.framework",
				"${BUILT_PRODUCTS_DIR}/nanopb/nanopb.framework",
			);
			name = "[CP] Embed Pods Frameworks";
			outputFileListPaths = (
			);
			outputPaths = (
				"${TARGET_BUILD_DIR}/${FRAMEWORKS_FOLDER_PATH}/GTMSessionFetcher.framework",
				"${TARGET_BUILD_DIR}/${FRAMEWORKS_FOLDER_PATH}/GoogleToolboxForMac.framework",
				"${TARGET_BUILD_DIR}/${FRAMEWORKS_FOLDER_PATH}/GoogleUtilities.framework",
				"${TARGET_BUILD_DIR}/${FRAMEWORKS_FOLDER_PATH}/RSKImageCropper.framework",
				"${TARGET_BUILD_DIR}/${FRAMEWORKS_FOLDER_PATH}/SDWebImage.framework",
				"${TARGET_BUILD_DIR}/${FRAMEWORKS_FOLDER_PATH}/leveldb.framework",
				"${TARGET_BUILD_DIR}/${FRAMEWORKS_FOLDER_PATH}/nanopb.framework",
			);
			runOnlyForDeploymentPostprocessing = 0;
			shellPath = /bin/sh;
			shellScript = "\"${PODS_ROOT}/Target Support Files/Pods-Im/Pods-Im-frameworks.sh\"\n";
			showEnvVarsInLog = 0;
		};
		AC6F2761CE1FC6BCDDFEDB28 /* [CP] Check Pods Manifest.lock */ = {
			isa = PBXShellScriptBuildPhase;
			buildActionMask = 2147483647;
			files = (
			);
			inputFileListPaths = (
			);
			inputPaths = (
				"${PODS_PODFILE_DIR_PATH}/Podfile.lock",
				"${PODS_ROOT}/Manifest.lock",
			);
			name = "[CP] Check Pods Manifest.lock";
			outputFileListPaths = (
			);
			outputPaths = (
				"$(DERIVED_FILE_DIR)/Pods-ImUITests-checkManifestLockResult.txt",
			);
			runOnlyForDeploymentPostprocessing = 0;
			shellPath = /bin/sh;
			shellScript = "diff \"${PODS_PODFILE_DIR_PATH}/Podfile.lock\" \"${PODS_ROOT}/Manifest.lock\" > /dev/null\nif [ $? != 0 ] ; then\n    # print error to STDERR\n    echo \"error: The sandbox is not in sync with the Podfile.lock. Run 'pod install' or update your CocoaPods installation.\" >&2\n    exit 1\nfi\n# This output is used by Xcode 'outputs' to avoid re-running this script phase.\necho \"SUCCESS\" > \"${SCRIPT_OUTPUT_FILE_0}\"\n";
			showEnvVarsInLog = 0;
		};
		F5E1FEDDBB0D6F8A687215ED /* [CP] Check Pods Manifest.lock */ = {
			isa = PBXShellScriptBuildPhase;
			buildActionMask = 2147483647;
			files = (
			);
			inputFileListPaths = (
			);
			inputPaths = (
				"${PODS_PODFILE_DIR_PATH}/Podfile.lock",
				"${PODS_ROOT}/Manifest.lock",
			);
			name = "[CP] Check Pods Manifest.lock";
			outputFileListPaths = (
			);
			outputPaths = (
				"$(DERIVED_FILE_DIR)/Pods-ImTests-checkManifestLockResult.txt",
			);
			runOnlyForDeploymentPostprocessing = 0;
			shellPath = /bin/sh;
			shellScript = "diff \"${PODS_PODFILE_DIR_PATH}/Podfile.lock\" \"${PODS_ROOT}/Manifest.lock\" > /dev/null\nif [ $? != 0 ] ; then\n    # print error to STDERR\n    echo \"error: The sandbox is not in sync with the Podfile.lock. Run 'pod install' or update your CocoaPods installation.\" >&2\n    exit 1\nfi\n# This output is used by Xcode 'outputs' to avoid re-running this script phase.\necho \"SUCCESS\" > \"${SCRIPT_OUTPUT_FILE_0}\"\n";
			showEnvVarsInLog = 0;
		};
		FA45134CE46DFD140C0C2E14 /* [CP] Copy Pods Resources */ = {
			isa = PBXShellScriptBuildPhase;
			buildActionMask = 2147483647;
			files = (
			);
			inputFileListPaths = (
			);
			inputPaths = (
				"${PODS_ROOT}/Target Support Files/Pods-Im/Pods-Im-resources.sh",
				"${PODS_CONFIGURATION_BUILD_DIR}/FirebaseUI/FirebaseAuthUI.bundle",
				"${PODS_CONFIGURATION_BUILD_DIR}/FirebaseUI/FirebaseEmailAuthUI.bundle",
				"${PODS_CONFIGURATION_BUILD_DIR}/FirebaseUI/FirebaseGoogleAuthUI.bundle",
				"${PODS_CONFIGURATION_BUILD_DIR}/FirebaseUI/FirebasePhoneAuthUI.bundle",
				"${PODS_ROOT}/GoogleSignIn/Resources/GoogleSignIn.bundle",
			);
			name = "[CP] Copy Pods Resources";
			outputFileListPaths = (
			);
			outputPaths = (
				"${TARGET_BUILD_DIR}/${UNLOCALIZED_RESOURCES_FOLDER_PATH}/FirebaseAuthUI.bundle",
				"${TARGET_BUILD_DIR}/${UNLOCALIZED_RESOURCES_FOLDER_PATH}/FirebaseEmailAuthUI.bundle",
				"${TARGET_BUILD_DIR}/${UNLOCALIZED_RESOURCES_FOLDER_PATH}/FirebaseGoogleAuthUI.bundle",
				"${TARGET_BUILD_DIR}/${UNLOCALIZED_RESOURCES_FOLDER_PATH}/FirebasePhoneAuthUI.bundle",
				"${TARGET_BUILD_DIR}/${UNLOCALIZED_RESOURCES_FOLDER_PATH}/GoogleSignIn.bundle",
			);
			runOnlyForDeploymentPostprocessing = 0;
			shellPath = /bin/sh;
			shellScript = "\"${PODS_ROOT}/Target Support Files/Pods-Im/Pods-Im-resources.sh\"\n";
			showEnvVarsInLog = 0;
		};
/* End PBXShellScriptBuildPhase section */

/* Begin PBXSourcesBuildPhase section */
		52838CF922368D3700CD3C50 /* Sources */ = {
			isa = PBXSourcesBuildPhase;
			buildActionMask = 2147483647;
			files = (
				52838D55225B1EB900CD3C50 /* EditProfileViewController.swift in Sources */,
				52838D3B2237921A00CD3C50 /* HomeViewController.swift in Sources */,
				52838D4D2254543C00CD3C50 /* ChatTextField.swift in Sources */,
				52838D53225A914300CD3C50 /* AccountViewController.swift in Sources */,
				52838D0322368D3700CD3C50 /* ViewController.swift in Sources */,
				52838D4722462EA400CD3C50 /* CreateViewController.swift in Sources */,
				52838D45223F319500CD3C50 /* ChatViewController.swift in Sources */,
				52838D352237846900CD3C50 /* RootTabBarController.swift in Sources */,
				52838D0122368D3700CD3C50 /* AppDelegate.swift in Sources */,
				52838D42223F2C1900CD3C50 /* ChatTableViewCell.swift in Sources */,
				52838D4B224F2D9200CD3C50 /* ScrollViewController.swift in Sources */,
				52838D3F2238D26B00CD3C50 /* MessageViewController.swift in Sources */,
				52838D382237905D00CD3C50 /* CommunityTableViewCell.swift in Sources */,
			);
			runOnlyForDeploymentPostprocessing = 0;
		};
		52838D0D22368D3800CD3C50 /* Sources */ = {
			isa = PBXSourcesBuildPhase;
			buildActionMask = 2147483647;
			files = (
				52838D1622368D3800CD3C50 /* ImTests.swift in Sources */,
			);
			runOnlyForDeploymentPostprocessing = 0;
		};
		52838D1822368D3800CD3C50 /* Sources */ = {
			isa = PBXSourcesBuildPhase;
			buildActionMask = 2147483647;
			files = (
				52838D2122368D3800CD3C50 /* ImUITests.swift in Sources */,
			);
			runOnlyForDeploymentPostprocessing = 0;
		};
/* End PBXSourcesBuildPhase section */

/* Begin PBXTargetDependency section */
		52838D1322368D3800CD3C50 /* PBXTargetDependency */ = {
			isa = PBXTargetDependency;
			target = 52838CFC22368D3700CD3C50 /* Im */;
			targetProxy = 52838D1222368D3800CD3C50 /* PBXContainerItemProxy */;
		};
		52838D1E22368D3800CD3C50 /* PBXTargetDependency */ = {
			isa = PBXTargetDependency;
			target = 52838CFC22368D3700CD3C50 /* Im */;
			targetProxy = 52838D1D22368D3800CD3C50 /* PBXContainerItemProxy */;
		};
/* End PBXTargetDependency section */

/* Begin PBXVariantGroup section */
		52838D0422368D3700CD3C50 /* Main.storyboard */ = {
			isa = PBXVariantGroup;
			children = (
				52838D0522368D3700CD3C50 /* Base */,
			);
			name = Main.storyboard;
			sourceTree = "<group>";
		};
		52838D0922368D3800CD3C50 /* LaunchScreen.storyboard */ = {
			isa = PBXVariantGroup;
			children = (
				52838D0A22368D3800CD3C50 /* Base */,
			);
			name = LaunchScreen.storyboard;
			sourceTree = "<group>";
		};
/* End PBXVariantGroup section */

/* Begin XCBuildConfiguration section */
		52838D2322368D3800CD3C50 /* Debug */ = {
			isa = XCBuildConfiguration;
			buildSettings = {
				ALWAYS_SEARCH_USER_PATHS = NO;
				CLANG_ANALYZER_NONNULL = YES;
				CLANG_ANALYZER_NUMBER_OBJECT_CONVERSION = YES_AGGRESSIVE;
				CLANG_CXX_LANGUAGE_STANDARD = "gnu++14";
				CLANG_CXX_LIBRARY = "libc++";
				CLANG_ENABLE_MODULES = YES;
				CLANG_ENABLE_OBJC_ARC = YES;
				CLANG_ENABLE_OBJC_WEAK = YES;
				CLANG_WARN_BLOCK_CAPTURE_AUTORELEASING = YES;
				CLANG_WARN_BOOL_CONVERSION = YES;
				CLANG_WARN_COMMA = YES;
				CLANG_WARN_CONSTANT_CONVERSION = YES;
				CLANG_WARN_DEPRECATED_OBJC_IMPLEMENTATIONS = YES;
				CLANG_WARN_DIRECT_OBJC_ISA_USAGE = YES_ERROR;
				CLANG_WARN_DOCUMENTATION_COMMENTS = YES;
				CLANG_WARN_EMPTY_BODY = YES;
				CLANG_WARN_ENUM_CONVERSION = YES;
				CLANG_WARN_INFINITE_RECURSION = YES;
				CLANG_WARN_INT_CONVERSION = YES;
				CLANG_WARN_NON_LITERAL_NULL_CONVERSION = YES;
				CLANG_WARN_OBJC_IMPLICIT_RETAIN_SELF = YES;
				CLANG_WARN_OBJC_LITERAL_CONVERSION = YES;
				CLANG_WARN_OBJC_ROOT_CLASS = YES_ERROR;
				CLANG_WARN_RANGE_LOOP_ANALYSIS = YES;
				CLANG_WARN_STRICT_PROTOTYPES = YES;
				CLANG_WARN_SUSPICIOUS_MOVE = YES;
				CLANG_WARN_UNGUARDED_AVAILABILITY = YES_AGGRESSIVE;
				CLANG_WARN_UNREACHABLE_CODE = YES;
				CLANG_WARN__DUPLICATE_METHOD_MATCH = YES;
				CODE_SIGN_IDENTITY = "iPhone Developer";
				COPY_PHASE_STRIP = NO;
				DEBUG_INFORMATION_FORMAT = dwarf;
				ENABLE_STRICT_OBJC_MSGSEND = YES;
				ENABLE_TESTABILITY = YES;
				GCC_C_LANGUAGE_STANDARD = gnu11;
				GCC_DYNAMIC_NO_PIC = NO;
				GCC_NO_COMMON_BLOCKS = YES;
				GCC_OPTIMIZATION_LEVEL = 0;
				GCC_PREPROCESSOR_DEFINITIONS = (
					"DEBUG=1",
					"$(inherited)",
				);
				GCC_WARN_64_TO_32_BIT_CONVERSION = YES;
				GCC_WARN_ABOUT_RETURN_TYPE = YES_ERROR;
				GCC_WARN_UNDECLARED_SELECTOR = YES;
				GCC_WARN_UNINITIALIZED_AUTOS = YES_AGGRESSIVE;
				GCC_WARN_UNUSED_FUNCTION = YES;
				GCC_WARN_UNUSED_VARIABLE = YES;
				IPHONEOS_DEPLOYMENT_TARGET = 12.1;
				MTL_ENABLE_DEBUG_INFO = INCLUDE_SOURCE;
				MTL_FAST_MATH = YES;
				ONLY_ACTIVE_ARCH = YES;
				SDKROOT = iphoneos;
				SWIFT_ACTIVE_COMPILATION_CONDITIONS = DEBUG;
				SWIFT_OPTIMIZATION_LEVEL = "-Onone";
			};
			name = Debug;
		};
		52838D2422368D3800CD3C50 /* Release */ = {
			isa = XCBuildConfiguration;
			buildSettings = {
				ALWAYS_SEARCH_USER_PATHS = NO;
				CLANG_ANALYZER_NONNULL = YES;
				CLANG_ANALYZER_NUMBER_OBJECT_CONVERSION = YES_AGGRESSIVE;
				CLANG_CXX_LANGUAGE_STANDARD = "gnu++14";
				CLANG_CXX_LIBRARY = "libc++";
				CLANG_ENABLE_MODULES = YES;
				CLANG_ENABLE_OBJC_ARC = YES;
				CLANG_ENABLE_OBJC_WEAK = YES;
				CLANG_WARN_BLOCK_CAPTURE_AUTORELEASING = YES;
				CLANG_WARN_BOOL_CONVERSION = YES;
				CLANG_WARN_COMMA = YES;
				CLANG_WARN_CONSTANT_CONVERSION = YES;
				CLANG_WARN_DEPRECATED_OBJC_IMPLEMENTATIONS = YES;
				CLANG_WARN_DIRECT_OBJC_ISA_USAGE = YES_ERROR;
				CLANG_WARN_DOCUMENTATION_COMMENTS = YES;
				CLANG_WARN_EMPTY_BODY = YES;
				CLANG_WARN_ENUM_CONVERSION = YES;
				CLANG_WARN_INFINITE_RECURSION = YES;
				CLANG_WARN_INT_CONVERSION = YES;
				CLANG_WARN_NON_LITERAL_NULL_CONVERSION = YES;
				CLANG_WARN_OBJC_IMPLICIT_RETAIN_SELF = YES;
				CLANG_WARN_OBJC_LITERAL_CONVERSION = YES;
				CLANG_WARN_OBJC_ROOT_CLASS = YES_ERROR;
				CLANG_WARN_RANGE_LOOP_ANALYSIS = YES;
				CLANG_WARN_STRICT_PROTOTYPES = YES;
				CLANG_WARN_SUSPICIOUS_MOVE = YES;
				CLANG_WARN_UNGUARDED_AVAILABILITY = YES_AGGRESSIVE;
				CLANG_WARN_UNREACHABLE_CODE = YES;
				CLANG_WARN__DUPLICATE_METHOD_MATCH = YES;
				CODE_SIGN_IDENTITY = "iPhone Developer";
				COPY_PHASE_STRIP = NO;
				DEBUG_INFORMATION_FORMAT = "dwarf-with-dsym";
				ENABLE_NS_ASSERTIONS = NO;
				ENABLE_STRICT_OBJC_MSGSEND = YES;
				GCC_C_LANGUAGE_STANDARD = gnu11;
				GCC_NO_COMMON_BLOCKS = YES;
				GCC_WARN_64_TO_32_BIT_CONVERSION = YES;
				GCC_WARN_ABOUT_RETURN_TYPE = YES_ERROR;
				GCC_WARN_UNDECLARED_SELECTOR = YES;
				GCC_WARN_UNINITIALIZED_AUTOS = YES_AGGRESSIVE;
				GCC_WARN_UNUSED_FUNCTION = YES;
				GCC_WARN_UNUSED_VARIABLE = YES;
				IPHONEOS_DEPLOYMENT_TARGET = 12.1;
				MTL_ENABLE_DEBUG_INFO = NO;
				MTL_FAST_MATH = YES;
				SDKROOT = iphoneos;
				SWIFT_COMPILATION_MODE = wholemodule;
				SWIFT_OPTIMIZATION_LEVEL = "-O";
				VALIDATE_PRODUCT = YES;
			};
			name = Release;
		};
		52838D2622368D3800CD3C50 /* Debug */ = {
			isa = XCBuildConfiguration;
			baseConfigurationReference = 6A3E9C13257F126F3465C779 /* Pods-Im.debug.xcconfig */;
			buildSettings = {
				ASSETCATALOG_COMPILER_APPICON_NAME = AppIcon;
				CODE_SIGN_STYLE = Automatic;
				DEVELOPMENT_TEAM = 7GX9T9NHP4;
				INFOPLIST_FILE = Im/Info.plist;
				LD_RUNPATH_SEARCH_PATHS = (
					"$(inherited)",
					"@executable_path/Frameworks",
				);
				PRODUCT_BUNDLE_IDENTIFIER = com.im.Im;
				PRODUCT_NAME = "$(TARGET_NAME)";
				SWIFT_VERSION = 4.2;
				TARGETED_DEVICE_FAMILY = "1,2";
			};
			name = Debug;
		};
		52838D2722368D3800CD3C50 /* Release */ = {
			isa = XCBuildConfiguration;
			baseConfigurationReference = 72BA2461F0542D9E517A1970 /* Pods-Im.release.xcconfig */;
			buildSettings = {
				ASSETCATALOG_COMPILER_APPICON_NAME = AppIcon;
				CODE_SIGN_STYLE = Automatic;
				DEVELOPMENT_TEAM = 7GX9T9NHP4;
				INFOPLIST_FILE = Im/Info.plist;
				LD_RUNPATH_SEARCH_PATHS = (
					"$(inherited)",
					"@executable_path/Frameworks",
				);
				PRODUCT_BUNDLE_IDENTIFIER = com.im.Im;
				PRODUCT_NAME = "$(TARGET_NAME)";
				SWIFT_VERSION = 4.2;
				TARGETED_DEVICE_FAMILY = "1,2";
			};
			name = Release;
		};
		52838D2922368D3800CD3C50 /* Debug */ = {
			isa = XCBuildConfiguration;
			baseConfigurationReference = 019008B9954349F95E2B7B47 /* Pods-ImTests.debug.xcconfig */;
			buildSettings = {
				ALWAYS_EMBED_SWIFT_STANDARD_LIBRARIES = YES;
				BUNDLE_LOADER = "$(TEST_HOST)";
				CODE_SIGN_STYLE = Automatic;
				DEVELOPMENT_TEAM = 7GX9T9NHP4;
				INFOPLIST_FILE = ImTests/Info.plist;
				LD_RUNPATH_SEARCH_PATHS = (
					"$(inherited)",
					"@executable_path/Frameworks",
					"@loader_path/Frameworks",
				);
				PRODUCT_BUNDLE_IDENTIFIER = com.im.ImTests;
				PRODUCT_NAME = "$(TARGET_NAME)";
				SWIFT_VERSION = 4.2;
				TARGETED_DEVICE_FAMILY = "1,2";
				TEST_HOST = "$(BUILT_PRODUCTS_DIR)/Im.app/Im";
			};
			name = Debug;
		};
		52838D2A22368D3800CD3C50 /* Release */ = {
			isa = XCBuildConfiguration;
			baseConfigurationReference = 61B5262E30067EBCBBD10BC9 /* Pods-ImTests.release.xcconfig */;
			buildSettings = {
				ALWAYS_EMBED_SWIFT_STANDARD_LIBRARIES = YES;
				BUNDLE_LOADER = "$(TEST_HOST)";
				CODE_SIGN_STYLE = Automatic;
				DEVELOPMENT_TEAM = 7GX9T9NHP4;
				INFOPLIST_FILE = ImTests/Info.plist;
				LD_RUNPATH_SEARCH_PATHS = (
					"$(inherited)",
					"@executable_path/Frameworks",
					"@loader_path/Frameworks",
				);
				PRODUCT_BUNDLE_IDENTIFIER = com.im.ImTests;
				PRODUCT_NAME = "$(TARGET_NAME)";
				SWIFT_VERSION = 4.2;
				TARGETED_DEVICE_FAMILY = "1,2";
				TEST_HOST = "$(BUILT_PRODUCTS_DIR)/Im.app/Im";
			};
			name = Release;
		};
		52838D2C22368D3800CD3C50 /* Debug */ = {
			isa = XCBuildConfiguration;
			baseConfigurationReference = 0303D33FA1657131AFE00F20 /* Pods-ImUITests.debug.xcconfig */;
			buildSettings = {
				ALWAYS_EMBED_SWIFT_STANDARD_LIBRARIES = YES;
				CODE_SIGN_STYLE = Automatic;
				DEVELOPMENT_TEAM = 7GX9T9NHP4;
				INFOPLIST_FILE = ImUITests/Info.plist;
				LD_RUNPATH_SEARCH_PATHS = (
					"$(inherited)",
					"@executable_path/Frameworks",
					"@loader_path/Frameworks",
				);
				PRODUCT_BUNDLE_IDENTIFIER = com.im.ImUITests;
				PRODUCT_NAME = "$(TARGET_NAME)";
				SWIFT_VERSION = 4.2;
				TARGETED_DEVICE_FAMILY = "1,2";
				TEST_TARGET_NAME = Im;
			};
			name = Debug;
		};
		52838D2D22368D3800CD3C50 /* Release */ = {
			isa = XCBuildConfiguration;
			baseConfigurationReference = 8544D240E454D90ADC570CAF /* Pods-ImUITests.release.xcconfig */;
			buildSettings = {
				ALWAYS_EMBED_SWIFT_STANDARD_LIBRARIES = YES;
				CODE_SIGN_STYLE = Automatic;
				DEVELOPMENT_TEAM = 7GX9T9NHP4;
				INFOPLIST_FILE = ImUITests/Info.plist;
				LD_RUNPATH_SEARCH_PATHS = (
					"$(inherited)",
					"@executable_path/Frameworks",
					"@loader_path/Frameworks",
				);
				PRODUCT_BUNDLE_IDENTIFIER = com.im.ImUITests;
				PRODUCT_NAME = "$(TARGET_NAME)";
				SWIFT_VERSION = 4.2;
				TARGETED_DEVICE_FAMILY = "1,2";
				TEST_TARGET_NAME = Im;
			};
			name = Release;
		};
/* End XCBuildConfiguration section */

/* Begin XCConfigurationList section */
		52838CF822368D3700CD3C50 /* Build configuration list for PBXProject "Im" */ = {
			isa = XCConfigurationList;
			buildConfigurations = (
				52838D2322368D3800CD3C50 /* Debug */,
				52838D2422368D3800CD3C50 /* Release */,
			);
			defaultConfigurationIsVisible = 0;
			defaultConfigurationName = Release;
		};
		52838D2522368D3800CD3C50 /* Build configuration list for PBXNativeTarget "Im" */ = {
			isa = XCConfigurationList;
			buildConfigurations = (
				52838D2622368D3800CD3C50 /* Debug */,
				52838D2722368D3800CD3C50 /* Release */,
			);
			defaultConfigurationIsVisible = 0;
			defaultConfigurationName = Release;
		};
		52838D2822368D3800CD3C50 /* Build configuration list for PBXNativeTarget "ImTests" */ = {
			isa = XCConfigurationList;
			buildConfigurations = (
				52838D2922368D3800CD3C50 /* Debug */,
				52838D2A22368D3800CD3C50 /* Release */,
			);
			defaultConfigurationIsVisible = 0;
			defaultConfigurationName = Release;
		};
		52838D2B22368D3800CD3C50 /* Build configuration list for PBXNativeTarget "ImUITests" */ = {
			isa = XCConfigurationList;
			buildConfigurations = (
				52838D2C22368D3800CD3C50 /* Debug */,
				52838D2D22368D3800CD3C50 /* Release */,
			);
			defaultConfigurationIsVisible = 0;
			defaultConfigurationName = Release;
		};
/* End XCConfigurationList section */
	};
	rootObject = 52838CF522368D3700CD3C50 /* Project object */;
}
